PODS:
  - IGListKit (3.3.0):
    - IGListKit/Default (= 3.3.0)
  - IGListKit/Default (3.3.0):
    - IGListKit/Diffing
  - IGListKit/Diffing (3.3.0)

DEPENDENCIES:
  - IGListKit (~> 3.0)

SPEC REPOS:
  https://github.com/cocoapods/specs.git:
    - IGListKit

SPEC CHECKSUMS:
  IGListKit: 71455d8fa95ff3d8594db667edd41c37db715c01

PODFILE CHECKSUM: 8d18f50cd478b2769233e31cba0fe9ba190fd71e

COCOAPODS: 1.5.2
